
Microsoft Visual Studio Solution File, Format Version 12.00
# Visual Studio Version 17
VisualStudioVersion = 17.13.35931.197
MinimumVisualStudioVersion = 10.0.40219.1
Project("{2150E333-8FDC-42A3-9474-1A3956D46DE8}") = "Elementos de la solución", "Elementos de la solución", "{02EA681E-C7D8-13C7-8484-4AC65E1B71E8}"
EndProject
Project("{2150E333-8FDC-42A3-9474-1A3956D46DE8}") = "scr", "scr", "{4D2311AC-908E-4AEE-8E13-2B17626078AE}"
EndProject
Project("{FAE04EC0-301F-11D3-BF4B-00C04F79EFBC}") = "ReservaVuelos.Api", "ReservaVuelos.Api\ReservaVuelos.Api.csproj", "{ED3000C1-CDFD-4B0E-9675-A14A8FDAAFA4}"
EndProject
Project("{FAE04EC0-301F-11D3-BF4B-00C04F79EFBC}") = "ReservaVuelos.Application", "ReservaVuelos.Application\ReservaVuelos.Application.csproj", "{217D868C-F90A-4A3B-AE7D-814754B0A124}"
EndProject
Project("{FAE04EC0-301F-11D3-BF4B-00C04F79EFBC}") = "ReservaVuelos.Domain", "ReservaVuelos.Domain\ReservaVuelos.Domain.csproj", "{CFF62BBD-6E93-41FB-9057-F2A989F22833}"
EndProject
Project("{FAE04EC0-301F-11D3-BF4B-00C04F79EFBC}") = "ReservaVuelos.Infrastructure", "ReservaVuelos.Infrastructure\ReservaVuelos.Infrastructure.csproj", "{5A6E10AF-67CB-4C53-BA9D-76ABD1914FCA}"
EndProject
Project("{FAE04EC0-301F-11D3-BF4B-00C04F79EFBC}") = "ReservaVuelos.Logger", "ReservaVuelos.Logger\ReservaVuelos.Logger.csproj", "{1D8E42DE-3E96-48F9-8E7D-AFB29C568C56}"
EndProject
Project("{2150E333-8FDC-42A3-9474-1A3956D46DE8}") = "test", "test", "{563E4154-D39B-484A-803A-9B894E9A3AC4}"
EndProject
Project("{FAE04EC0-301F-11D3-BF4B-00C04F79EFBC}") = "ReservaVuelos.UnitTests.Api", "ReservaVuelos.UnitTests.Api\ReservaVuelos.UnitTests.Api.csproj", "{0D52A553-CBF6-4B05-9F63-AA2584EC0EA4}"
EndProject
Project("{FAE04EC0-301F-11D3-BF4B-00C04F79EFBC}") = "ReservaVuelos.UnitTests.Application", "ReservaVuelos.UnitTests.Application\ReservaVuelos.UnitTests.Application.csproj", "{E7A17E48-80AA-4141-B5C0-52FBA36D26F9}"
EndProject
Project("{FAE04EC0-301F-11D3-BF4B-00C04F79EFBC}") = "ReservaVuelos.UnitTests.Infrastructure", "ReservaVuelos.UnitTests.Infrastructure\ReservaVuelos.UnitTests.Infrastructure.csproj", "{D0265B98-E9CB-403F-88ED-94A84896042D}"
EndProject
Project("{FAE04EC0-301F-11D3-BF4B-00C04F79EFBC}") = "ReservaVuelos.UnitTests.Domain", "ReservaVuelos.UnitTests.Domain\ReservaVuelos.UnitTests.Domain.csproj", "{B0B9FE4C-DB5D-49C1-9C15-6A2F042CB7B4}"
EndProject
Project("{FAE04EC0-301F-11D3-BF4B-00C04F79EFBC}") = "ReservaVuelos.UnitTests.Logger", "ReservaVuelos.UnitTests.Logger\ReservaVuelos.UnitTests.Logger.csproj", "{3FE2E21E-AE4C-46CB-8885-42546576D8AA}"
EndProject
Project("{2150E333-8FDC-42A3-9474-1A3956D46DE8}") = "web", "web", "{8537C76D-725B-403D-8A79-83A8E3326CC8}"
EndProject
Project("{FAE04EC0-301F-11D3-BF4B-00C04F79EFBC}") = "ReservaVuelos.Blazor", "ReservaVuelos.Blazor\ReservaVuelos.Blazor.csproj", "{3BEC3591-2246-4926-93C1-6C92751922C4}"
EndProject
Global
	GlobalSection(SolutionConfigurationPlatforms) = preSolution
		Debug|Any CPU = Debug|Any CPU
		Debug|x64 = Debug|x64
		Debug|x86 = Debug|x86
		Release|Any CPU = Release|Any CPU
		Release|x64 = Release|x64
		Release|x86 = Release|x86
	EndGlobalSection
	GlobalSection(ProjectConfigurationPlatforms) = postSolution
		{ED3000C1-CDFD-4B0E-9675-A14A8FDAAFA4}.Debug|Any CPU.ActiveCfg = Debug|Any CPU
		{ED3000C1-CDFD-4B0E-9675-A14A8FDAAFA4}.Debug|Any CPU.Build.0 = Debug|Any CPU
		{ED3000C1-CDFD-4B0E-9675-A14A8FDAAFA4}.Debug|x64.ActiveCfg = Debug|Any CPU
		{ED3000C1-CDFD-4B0E-9675-A14A8FDAAFA4}.Debug|x64.Build.0 = Debug|Any CPU
		{ED3000C1-CDFD-4B0E-9675-A14A8FDAAFA4}.Debug|x86.ActiveCfg = Debug|Any CPU
		{ED3000C1-CDFD-4B0E-9675-A14A8FDAAFA4}.Debug|x86.Build.0 = Debug|Any CPU
		{ED3000C1-CDFD-4B0E-9675-A14A8FDAAFA4}.Release|Any CPU.ActiveCfg = Release|Any CPU
		{ED3000C1-CDFD-4B0E-9675-A14A8FDAAFA4}.Release|Any CPU.Build.0 = Release|Any CPU
		{ED3000C1-CDFD-4B0E-9675-A14A8FDAAFA4}.Release|x64.ActiveCfg = Release|Any CPU
		{ED3000C1-CDFD-4B0E-9675-A14A8FDAAFA4}.Release|x64.Build.0 = Release|Any CPU
		{ED3000C1-CDFD-4B0E-9675-A14A8FDAAFA4}.Release|x86.ActiveCfg = Release|Any CPU
		{ED3000C1-CDFD-4B0E-9675-A14A8FDAAFA4}.Release|x86.Build.0 = Release|Any CPU
		{217D868C-F90A-4A3B-AE7D-814754B0A124}.Debug|Any CPU.ActiveCfg = Debug|Any CPU
		{217D868C-F90A-4A3B-AE7D-814754B0A124}.Debug|Any CPU.Build.0 = Debug|Any CPU
		{217D868C-F90A-4A3B-AE7D-814754B0A124}.Debug|x64.ActiveCfg = Debug|Any CPU
		{217D868C-F90A-4A3B-AE7D-814754B0A124}.Debug|x64.Build.0 = Debug|Any CPU
		{217D868C-F90A-4A3B-AE7D-814754B0A124}.Debug|x86.ActiveCfg = Debug|Any CPU
		{217D868C-F90A-4A3B-AE7D-814754B0A124}.Debug|x86.Build.0 = Debug|Any CPU
		{217D868C-F90A-4A3B-AE7D-814754B0A124}.Release|Any CPU.ActiveCfg = Release|Any CPU
		{217D868C-F90A-4A3B-AE7D-814754B0A124}.Release|Any CPU.Build.0 = Release|Any CPU
		{217D868C-F90A-4A3B-AE7D-814754B0A124}.Release|x64.ActiveCfg = Release|Any CPU
		{217D868C-F90A-4A3B-AE7D-814754B0A124}.Release|x64.Build.0 = Release|Any CPU
		{217D868C-F90A-4A3B-AE7D-814754B0A124}.Release|x86.ActiveCfg = Release|Any CPU
		{217D868C-F90A-4A3B-AE7D-814754B0A124}.Release|x86.Build.0 = Release|Any CPU
		{CFF62BBD-6E93-41FB-9057-F2A989F22833}.Debug|Any CPU.ActiveCfg = Debug|Any CPU
		{CFF62BBD-6E93-41FB-9057-F2A989F22833}.Debug|Any CPU.Build.0 = Debug|Any CPU
		{CFF62BBD-6E93-41FB-9057-F2A989F22833}.Debug|x64.ActiveCfg = Debug|Any CPU
		{CFF62BBD-6E93-41FB-9057-F2A989F22833}.Debug|x64.Build.0 = Debug|Any CPU
		{CFF62BBD-6E93-41FB-9057-F2A989F22833}.Debug|x86.ActiveCfg = Debug|Any CPU
		{CFF62BBD-6E93-41FB-9057-F2A989F22833}.Debug|x86.Build.0 = Debug|Any CPU
		{CFF62BBD-6E93-41FB-9057-F2A989F22833}.Release|Any CPU.ActiveCfg = Release|Any CPU
		{CFF62BBD-6E93-41FB-9057-F2A989F22833}.Release|Any CPU.Build.0 = Release|Any CPU
		{CFF62BBD-6E93-41FB-9057-F2A989F22833}.Release|x64.ActiveCfg = Release|Any CPU
		{CFF62BBD-6E93-41FB-9057-F2A989F22833}.Release|x64.Build.0 = Release|Any CPU
		{CFF62BBD-6E93-41FB-9057-F2A989F22833}.Release|x86.ActiveCfg = Release|Any CPU
		{CFF62BBD-6E93-41FB-9057-F2A989F22833}.Release|x86.Build.0 = Release|Any CPU
		{5A6E10AF-67CB-4C53-BA9D-76ABD1914FCA}.Debug|Any CPU.ActiveCfg = Debug|Any CPU
		{5A6E10AF-67CB-4C53-BA9D-76ABD1914FCA}.Debug|Any CPU.Build.0 = Debug|Any CPU
		{5A6E10AF-67CB-4C53-BA9D-76ABD1914FCA}.Debug|x64.ActiveCfg = Debug|Any CPU
		{5A6E10AF-67CB-4C53-BA9D-76ABD1914FCA}.Debug|x64.Build.0 = Debug|Any CPU
		{5A6E10AF-67CB-4C53-BA9D-76ABD1914FCA}.Debug|x86.ActiveCfg = Debug|Any CPU
		{5A6E10AF-67CB-4C53-BA9D-76ABD1914FCA}.Debug|x86.Build.0 = Debug|Any CPU
		{5A6E10AF-67CB-4C53-BA9D-76ABD1914FCA}.Release|Any CPU.ActiveCfg = Release|Any CPU
		{5A6E10AF-67CB-4C53-BA9D-76ABD1914FCA}.Release|Any CPU.Build.0 = Release|Any CPU
		{5A6E10AF-67CB-4C53-BA9D-76ABD1914FCA}.Release|x64.ActiveCfg = Release|Any CPU
		{5A6E10AF-67CB-4C53-BA9D-76ABD1914FCA}.Release|x64.Build.0 = Release|Any CPU
		{5A6E10AF-67CB-4C53-BA9D-76ABD1914FCA}.Release|x86.ActiveCfg = Release|Any CPU
		{5A6E10AF-67CB-4C53-BA9D-76ABD1914FCA}.Release|x86.Build.0 = Release|Any CPU
		{1D8E42DE-3E96-48F9-8E7D-AFB29C568C56}.Debug|Any CPU.ActiveCfg = Debug|Any CPU
		{1D8E42DE-3E96-48F9-8E7D-AFB29C568C56}.Debug|Any CPU.Build.0 = Debug|Any CPU
		{1D8E42DE-3E96-48F9-8E7D-AFB29C568C56}.Debug|x64.ActiveCfg = Debug|Any CPU
		{1D8E42DE-3E96-48F9-8E7D-AFB29C568C56}.Debug|x64.Build.0 = Debug|Any CPU
		{1D8E42DE-3E96-48F9-8E7D-AFB29C568C56}.Debug|x86.ActiveCfg = Debug|Any CPU
		{1D8E42DE-3E96-48F9-8E7D-AFB29C568C56}.Debug|x86.Build.0 = Debug|Any CPU
		{1D8E42DE-3E96-48F9-8E7D-AFB29C568C56}.Release|Any CPU.ActiveCfg = Release|Any CPU
		{1D8E42DE-3E96-48F9-8E7D-AFB29C568C56}.Release|Any CPU.Build.0 = Release|Any CPU
		{1D8E42DE-3E96-48F9-8E7D-AFB29C568C56}.Release|x64.ActiveCfg = Release|Any CPU
		{1D8E42DE-3E96-48F9-8E7D-AFB29C568C56}.Release|x64.Build.0 = Release|Any CPU
		{1D8E42DE-3E96-48F9-8E7D-AFB29C568C56}.Release|x86.ActiveCfg = Release|Any CPU
		{1D8E42DE-3E96-48F9-8E7D-AFB29C568C56}.Release|x86.Build.0 = Release|Any CPU
		{0D52A553-CBF6-4B05-9F63-AA2584EC0EA4}.Debug|Any CPU.ActiveCfg = Debug|Any CPU
		{0D52A553-CBF6-4B05-9F63-AA2584EC0EA4}.Debug|Any CPU.Build.0 = Debug|Any CPU
		{0D52A553-CBF6-4B05-9F63-AA2584EC0EA4}.Debug|x64.ActiveCfg = Debug|Any CPU
		{0D52A553-CBF6-4B05-9F63-AA2584EC0EA4}.Debug|x64.Build.0 = Debug|Any CPU
		{0D52A553-CBF6-4B05-9F63-AA2584EC0EA4}.Debug|x86.ActiveCfg = Debug|Any CPU
		{0D52A553-CBF6-4B05-9F63-AA2584EC0EA4}.Debug|x86.Build.0 = Debug|Any CPU
		{0D52A553-CBF6-4B05-9F63-AA2584EC0EA4}.Release|Any CPU.ActiveCfg = Release|Any CPU
		{0D52A553-CBF6-4B05-9F63-AA2584EC0EA4}.Release|Any CPU.Build.0 = Release|Any CPU
		{0D52A553-CBF6-4B05-9F63-AA2584EC0EA4}.Release|x64.ActiveCfg = Release|Any CPU
		{0D52A553-CBF6-4B05-9F63-AA2584EC0EA4}.Release|x64.Build.0 = Release|Any CPU
		{0D52A553-CBF6-4B05-9F63-AA2584EC0EA4}.Release|x86.ActiveCfg = Release|Any CPU
		{0D52A553-CBF6-4B05-9F63-AA2584EC0EA4}.Release|x86.Build.0 = Release|Any CPU
		{E7A17E48-80AA-4141-B5C0-52FBA36D26F9}.Debug|Any CPU.ActiveCfg = Debug|Any CPU
		{E7A17E48-80AA-4141-B5C0-52FBA36D26F9}.Debug|Any CPU.Build.0 = Debug|Any CPU
		{E7A17E48-80AA-4141-B5C0-52FBA36D26F9}.Debug|x64.ActiveCfg = Debug|Any CPU
		{E7A17E48-80AA-4141-B5C0-52FBA36D26F9}.Debug|x64.Build.0 = Debug|Any CPU
		{E7A17E48-80AA-4141-B5C0-52FBA36D26F9}.Debug|x86.ActiveCfg = Debug|Any CPU
		{E7A17E48-80AA-4141-B5C0-52FBA36D26F9}.Debug|x86.Build.0 = Debug|Any CPU
		{E7A17E48-80AA-4141-B5C0-52FBA36D26F9}.Release|Any CPU.ActiveCfg = Release|Any CPU
		{E7A17E48-80AA-4141-B5C0-52FBA36D26F9}.Release|Any CPU.Build.0 = Release|Any CPU
		{E7A17E48-80AA-4141-B5C0-52FBA36D26F9}.Release|x64.ActiveCfg = Release|Any CPU
		{E7A17E48-80AA-4141-B5C0-52FBA36D26F9}.Release|x64.Build.0 = Release|Any CPU
		{E7A17E48-80AA-4141-B5C0-52FBA36D26F9}.Release|x86.ActiveCfg = Release|Any CPU
		{E7A17E48-80AA-4141-B5C0-52FBA36D26F9}.Release|x86.Build.0 = Release|Any CPU
		{D0265B98-E9CB-403F-88ED-94A84896042D}.Debug|Any CPU.ActiveCfg = Debug|Any CPU
		{D0265B98-E9CB-403F-88ED-94A84896042D}.Debug|Any CPU.Build.0 = Debug|Any CPU
		{D0265B98-E9CB-403F-88ED-94A84896042D}.Debug|x64.ActiveCfg = Debug|Any CPU
		{D0265B98-E9CB-403F-88ED-94A84896042D}.Debug|x64.Build.0 = Debug|Any CPU
		{D0265B98-E9CB-403F-88ED-94A84896042D}.Debug|x86.ActiveCfg = Debug|Any CPU
		{D0265B98-E9CB-403F-88ED-94A84896042D}.Debug|x86.Build.0 = Debug|Any CPU
		{D0265B98-E9CB-403F-88ED-94A84896042D}.Release|Any CPU.ActiveCfg = Release|Any CPU
		{D0265B98-E9CB-403F-88ED-94A84896042D}.Release|Any CPU.Build.0 = Release|Any CPU
		{D0265B98-E9CB-403F-88ED-94A84896042D}.Release|x64.ActiveCfg = Release|Any CPU
		{D0265B98-E9CB-403F-88ED-94A84896042D}.Release|x64.Build.0 = Release|Any CPU
		{D0265B98-E9CB-403F-88ED-94A84896042D}.Release|x86.ActiveCfg = Release|Any CPU
		{D0265B98-E9CB-403F-88ED-94A84896042D}.Release|x86.Build.0 = Release|Any CPU
		{B0B9FE4C-DB5D-49C1-9C15-6A2F042CB7B4}.Debug|Any CPU.ActiveCfg = Debug|Any CPU
		{B0B9FE4C-DB5D-49C1-9C15-6A2F042CB7B4}.Debug|Any CPU.Build.0 = Debug|Any CPU
		{B0B9FE4C-DB5D-49C1-9C15-6A2F042CB7B4}.Debug|x64.ActiveCfg = Debug|Any CPU
		{B0B9FE4C-DB5D-49C1-9C15-6A2F042CB7B4}.Debug|x64.Build.0 = Debug|Any CPU
		{B0B9FE4C-DB5D-49C1-9C15-6A2F042CB7B4}.Debug|x86.ActiveCfg = Debug|Any CPU
		{B0B9FE4C-DB5D-49C1-9C15-6A2F042CB7B4}.Debug|x86.Build.0 = Debug|Any CPU
		{B0B9FE4C-DB5D-49C1-9C15-6A2F042CB7B4}.Release|Any CPU.ActiveCfg = Release|Any CPU
		{B0B9FE4C-DB5D-49C1-9C15-6A2F042CB7B4}.Release|Any CPU.Build.0 = Release|Any CPU
		{B0B9FE4C-DB5D-49C1-9C15-6A2F042CB7B4}.Release|x64.ActiveCfg = Release|Any CPU
		{B0B9FE4C-DB5D-49C1-9C15-6A2F042CB7B4}.Release|x64.Build.0 = Release|Any CPU
		{B0B9FE4C-DB5D-49C1-9C15-6A2F042CB7B4}.Release|x86.ActiveCfg = Release|Any CPU
		{B0B9FE4C-DB5D-49C1-9C15-6A2F042CB7B4}.Release|x86.Build.0 = Release|Any CPU
		{3FE2E21E-AE4C-46CB-8885-42546576D8AA}.Debug|Any CPU.ActiveCfg = Debug|Any CPU
		{3FE2E21E-AE4C-46CB-8885-42546576D8AA}.Debug|Any CPU.Build.0 = Debug|Any CPU
		{3FE2E21E-AE4C-46CB-8885-42546576D8AA}.Debug|x64.ActiveCfg = Debug|Any CPU
		{3FE2E21E-AE4C-46CB-8885-42546576D8AA}.Debug|x64.Build.0 = Debug|Any CPU
		{3FE2E21E-AE4C-46CB-8885-42546576D8AA}.Debug|x86.ActiveCfg = Debug|Any CPU
		{3FE2E21E-AE4C-46CB-8885-42546576D8AA}.Debug|x86.Build.0 = Debug|Any CPU
		{3FE2E21E-AE4C-46CB-8885-42546576D8AA}.Release|Any CPU.ActiveCfg = Release|Any CPU
		{3FE2E21E-AE4C-46CB-8885-42546576D8AA}.Release|Any CPU.Build.0 = Release|Any CPU
		{3FE2E21E-AE4C-46CB-8885-42546576D8AA}.Release|x64.ActiveCfg = Release|Any CPU
		{3FE2E21E-AE4C-46CB-8885-42546576D8AA}.Release|x64.Build.0 = Release|Any CPU
		{3FE2E21E-AE4C-46CB-8885-42546576D8AA}.Release|x86.ActiveCfg = Release|Any CPU
		{3FE2E21E-AE4C-46CB-8885-42546576D8AA}.Release|x86.Build.0 = Release|Any CPU
		{3BEC3591-2246-4926-93C1-6C92751922C4}.Debug|Any CPU.ActiveCfg = Debug|Any CPU
		{3BEC3591-2246-4926-93C1-6C92751922C4}.Debug|Any CPU.Build.0 = Debug|Any CPU
		{3BEC3591-2246-4926-93C1-6C92751922C4}.Debug|x64.ActiveCfg = Debug|Any CPU
		{3BEC3591-2246-4926-93C1-6C92751922C4}.Debug|x64.Build.0 = Debug|Any CPU
		{3BEC3591-2246-4926-93C1-6C92751922C4}.Debug|x86.ActiveCfg = Debug|Any CPU
		{3BEC3591-2246-4926-93C1-6C92751922C4}.Debug|x86.Build.0 = Debug|Any CPU
		{3BEC3591-2246-4926-93C1-6C92751922C4}.Release|Any CPU.ActiveCfg = Release|Any CPU
		{3BEC3591-2246-4926-93C1-6C92751922C4}.Release|Any CPU.Build.0 = Release|Any CPU
		{3BEC3591-2246-4926-93C1-6C92751922C4}.Release|x64.ActiveCfg = Release|Any CPU
		{3BEC3591-2246-4926-93C1-6C92751922C4}.Release|x64.Build.0 = Release|Any CPU
		{3BEC3591-2246-4926-93C1-6C92751922C4}.Release|x86.ActiveCfg = Release|Any CPU
		{3BEC3591-2246-4926-93C1-6C92751922C4}.Release|x86.Build.0 = Release|Any CPU
	EndGlobalSection
	GlobalSection(SolutionProperties) = preSolution
		HideSolutionNode = FALSE
	EndGlobalSection
	GlobalSection(NestedProjects) = preSolution
		{ED3000C1-CDFD-4B0E-9675-A14A8FDAAFA4} = {4D2311AC-908E-4AEE-8E13-2B17626078AE}
		{217D868C-F90A-4A3B-AE7D-814754B0A124} = {4D2311AC-908E-4AEE-8E13-2B17626078AE}
		{CFF62BBD-6E93-41FB-9057-F2A989F22833} = {4D2311AC-908E-4AEE-8E13-2B17626078AE}
		{5A6E10AF-67CB-4C53-BA9D-76ABD1914FCA} = {4D2311AC-908E-4AEE-8E13-2B17626078AE}
		{1D8E42DE-3E96-48F9-8E7D-AFB29C568C56} = {4D2311AC-908E-4AEE-8E13-2B17626078AE}
		{0D52A553-CBF6-4B05-9F63-AA2584EC0EA4} = {563E4154-D39B-484A-803A-9B894E9A3AC4}
		{E7A17E48-80AA-4141-B5C0-52FBA36D26F9} = {563E4154-D39B-484A-803A-9B894E9A3AC4}
		{D0265B98-E9CB-403F-88ED-94A84896042D} = {563E4154-D39B-484A-803A-9B894E9A3AC4}
		{B0B9FE4C-DB5D-49C1-9C15-6A2F042CB7B4} = {563E4154-D39B-484A-803A-9B894E9A3AC4}
		{3FE2E21E-AE4C-46CB-8885-42546576D8AA} = {563E4154-D39B-484A-803A-9B894E9A3AC4}
		{3BEC3591-2246-4926-93C1-6C92751922C4} = {8537C76D-725B-403D-8A79-83A8E3326CC8}
	EndGlobalSection
	GlobalSection(ExtensibilityGlobals) = postSolution
		SolutionGuid = {C49059F5-7359-4E0A-BEE6-5C4858085DE3}
	EndGlobalSection
EndGlobal
